
Microsoft Visual Studio Solution File, Format Version 12.00
# Visual Studio Version 17
VisualStudioVersion = 17.10.35027.167
MinimumVisualStudioVersion = 10.0.40219.1
Project("{8BC9CEB8-8B4A-11D0-8D11-00A0C91BC942}") = "BBSToAsset", "BBSToAsset\BBSToAsset.vcxproj", "{7886D70A-B8E0-4FFA-A3EB-EF8E6D4FF205}"
EndProject
Project("{8BC9CEB8-8B4A-11D0-8D11-00A0C91BC942}") = "AssetToBBS", "AssetToBBS\AssetToBBS.vcxproj", "{1FD9F0C8-982D-489A-8D0A-903568103089}"
EndProject
Global
	GlobalSection(SolutionConfigurationPlatforms) = preSolution
		Debug|x64 = Debug|x64
		Debug|x86 = Debug|x86
		Release|x64 = Release|x64
		Release|x86 = Release|x86
	EndGlobalSection
	GlobalSection(ProjectConfigurationPlatforms) = postSolution
		{7886D70A-B8E0-4FFA-A3EB-EF8E6D4FF205}.Debug|x64.ActiveCfg = Debug|x64
		{7886D70A-B8E0-4FFA-A3EB-EF8E6D4FF205}.Debug|x64.Build.0 = Debug|x64
		{7886D70A-B8E0-4FFA-A3EB-EF8E6D4FF205}.Debug|x86.ActiveCfg = Debug|Win32
		{7886D70A-B8E0-4FFA-A3EB-EF8E6D4FF205}.Debug|x86.Build.0 = Debug|Win32
		{7886D70A-B8E0-4FFA-A3EB-EF8E6D4FF205}.Release|x64.ActiveCfg = Release|x64
		{7886D70A-B8E0-4FFA-A3EB-EF8E6D4FF205}.Release|x64.Build.0 = Release|x64
		{7886D70A-B8E0-4FFA-A3EB-EF8E6D4FF205}.Release|x86.ActiveCfg = Release|Win32
		{7886D70A-B8E0-4FFA-A3EB-EF8E6D4FF205}.Release|x86.Build.0 = Release|Win32
		{1FD9F0C8-982D-489A-8D0A-903568103089}.Debug|x64.ActiveCfg = Debug|x64
		{1FD9F0C8-982D-489A-8D0A-903568103089}.Debug|x64.Build.0 = Debug|x64
		{1FD9F0C8-982D-489A-8D0A-903568103089}.Debug|x86.ActiveCfg = Debug|Win32
		{1FD9F0C8-982D-489A-8D0A-903568103089}.Debug|x86.Build.0 = Debug|Win32
		{1FD9F0C8-982D-489A-8D0A-903568103089}.Release|x64.ActiveCfg = Release|x64
		{1FD9F0C8-982D-489A-8D0A-903568103089}.Release|x64.Build.0 = Release|x64
		{1FD9F0C8-982D-489A-8D0A-903568103089}.Release|x86.ActiveCfg = Release|Win32
		{1FD9F0C8-982D-489A-8D0A-903568103089}.Release|x86.Build.0 = Release|Win32
	EndGlobalSection
	GlobalSection(SolutionProperties) = preSolution
		HideSolutionNode = FALSE
	EndGlobalSection
	GlobalSection(ExtensibilityGlobals) = postSolution
		SolutionGuid = {541EBDD2-DB3F-4876-8E4D-D234ED445ACB}
	EndGlobalSection
EndGlobal
